
Microsoft Visual Studio Solution File, Format Version 12.00
# Visual Studio 2012
Project("{8BC9CEB8-8B4A-11D0-8D11-00A0C91BC942}") = "TestApp", "TestApp\TestApp.vcxproj", "{2CF57F1B-6F6A-4072-844F-B508C96DD31E}"
EndProject
Project("{8BC9CEB8-8B4A-11D0-8D11-00A0C91BC942}") = "wolfssl", "..\..\..\web_ecr_ro\wolfssl\wolfssl\wolfssl.vcxproj", "{73973223-5EE8-41CA-8E88-1D60E89A237B}"
EndProject
Project("{8BC9CEB8-8B4A-11D0-8D11-00A0C91BC942}") = "wolfssl-dll", "wolfssl-dll\wolfssl-dll.vcxproj", "{9F7646A9-0EEA-4165-ABC5-75A020BAB2A7}"
EndProject
Project("{8BC9CEB8-8B4A-11D0-8D11-00A0C91BC942}") = "CardDLL", "CardDLL\CardDLL.vcxproj", "{D09BB535-E37C-4130-B055-7D65AF89A5BC}"
EndProject
Global
	GlobalSection(SolutionConfigurationPlatforms) = preSolution
		Debug|ARM = Debug|ARM
		Debug|Win32 = Debug|Win32
		Debug|x64 = Debug|x64
		DLL Debug|ARM = DLL Debug|ARM
		DLL Debug|Win32 = DLL Debug|Win32
		DLL Debug|x64 = DLL Debug|x64
		DLL Release|ARM = DLL Release|ARM
		DLL Release|Win32 = DLL Release|Win32
		DLL Release|x64 = DLL Release|x64
		Release|ARM = Release|ARM
		Release|Win32 = Release|Win32
		Release|x64 = Release|x64
	EndGlobalSection
	GlobalSection(ProjectConfigurationPlatforms) = postSolution
		{2CF57F1B-6F6A-4072-844F-B508C96DD31E}.Debug|ARM.ActiveCfg = Debug|Win32
		{2CF57F1B-6F6A-4072-844F-B508C96DD31E}.Debug|Win32.ActiveCfg = Debug|Win32
		{2CF57F1B-6F6A-4072-844F-B508C96DD31E}.Debug|Win32.Build.0 = Debug|Win32
		{2CF57F1B-6F6A-4072-844F-B508C96DD31E}.Debug|x64.ActiveCfg = Debug|Win32
		{2CF57F1B-6F6A-4072-844F-B508C96DD31E}.DLL Debug|ARM.ActiveCfg = Debug|Win32
		{2CF57F1B-6F6A-4072-844F-B508C96DD31E}.DLL Debug|Win32.ActiveCfg = Debug|Win32
		{2CF57F1B-6F6A-4072-844F-B508C96DD31E}.DLL Debug|Win32.Build.0 = Debug|Win32
		{2CF57F1B-6F6A-4072-844F-B508C96DD31E}.DLL Debug|x64.ActiveCfg = Debug|Win32
		{2CF57F1B-6F6A-4072-844F-B508C96DD31E}.DLL Release|ARM.ActiveCfg = Release|Win32
		{2CF57F1B-6F6A-4072-844F-B508C96DD31E}.DLL Release|Win32.ActiveCfg = Release|Win32
		{2CF57F1B-6F6A-4072-844F-B508C96DD31E}.DLL Release|Win32.Build.0 = Release|Win32
		{2CF57F1B-6F6A-4072-844F-B508C96DD31E}.DLL Release|x64.ActiveCfg = Release|Win32
		{2CF57F1B-6F6A-4072-844F-B508C96DD31E}.Release|ARM.ActiveCfg = Release|Win32
		{2CF57F1B-6F6A-4072-844F-B508C96DD31E}.Release|Win32.ActiveCfg = Release|Win32
		{2CF57F1B-6F6A-4072-844F-B508C96DD31E}.Release|Win32.Build.0 = Release|Win32
		{2CF57F1B-6F6A-4072-844F-B508C96DD31E}.Release|x64.ActiveCfg = Release|Win32
		{73973223-5EE8-41CA-8E88-1D60E89A237B}.Debug|ARM.ActiveCfg = Debug|Win32
		{73973223-5EE8-41CA-8E88-1D60E89A237B}.Debug|Win32.ActiveCfg = Debug|Win32
		{73973223-5EE8-41CA-8E88-1D60E89A237B}.Debug|Win32.Build.0 = Debug|Win32
		{73973223-5EE8-41CA-8E88-1D60E89A237B}.Debug|x64.ActiveCfg = Debug|x64
		{73973223-5EE8-41CA-8E88-1D60E89A237B}.Debug|x64.Build.0 = Debug|x64
		{73973223-5EE8-41CA-8E88-1D60E89A237B}.DLL Debug|ARM.ActiveCfg = DLL Debug|Win32
		{73973223-5EE8-41CA-8E88-1D60E89A237B}.DLL Debug|Win32.ActiveCfg = DLL Debug|Win32
		{73973223-5EE8-41CA-8E88-1D60E89A237B}.DLL Debug|Win32.Build.0 = DLL Debug|Win32
		{73973223-5EE8-41CA-8E88-1D60E89A237B}.DLL Debug|x64.ActiveCfg = DLL Debug|x64
		{73973223-5EE8-41CA-8E88-1D60E89A237B}.DLL Debug|x64.Build.0 = DLL Debug|x64
		{73973223-5EE8-41CA-8E88-1D60E89A237B}.DLL Release|ARM.ActiveCfg = DLL Release|Win32
		{73973223-5EE8-41CA-8E88-1D60E89A237B}.DLL Release|Win32.ActiveCfg = DLL Release|Win32
		{73973223-5EE8-41CA-8E88-1D60E89A237B}.DLL Release|Win32.Build.0 = DLL Release|Win32
		{73973223-5EE8-41CA-8E88-1D60E89A237B}.DLL Release|x64.ActiveCfg = DLL Release|x64
		{73973223-5EE8-41CA-8E88-1D60E89A237B}.DLL Release|x64.Build.0 = DLL Release|x64
		{73973223-5EE8-41CA-8E88-1D60E89A237B}.Release|ARM.ActiveCfg = Release|Win32
		{73973223-5EE8-41CA-8E88-1D60E89A237B}.Release|Win32.ActiveCfg = Release|Win32
		{73973223-5EE8-41CA-8E88-1D60E89A237B}.Release|Win32.Build.0 = Release|Win32
		{73973223-5EE8-41CA-8E88-1D60E89A237B}.Release|x64.ActiveCfg = Release|x64
		{73973223-5EE8-41CA-8E88-1D60E89A237B}.Release|x64.Build.0 = Release|x64
		{9F7646A9-0EEA-4165-ABC5-75A020BAB2A7}.Debug|ARM.ActiveCfg = Debug|Win32
		{9F7646A9-0EEA-4165-ABC5-75A020BAB2A7}.Debug|Win32.ActiveCfg = Debug|Win32
		{9F7646A9-0EEA-4165-ABC5-75A020BAB2A7}.Debug|Win32.Build.0 = Debug|Win32
		{9F7646A9-0EEA-4165-ABC5-75A020BAB2A7}.Debug|x64.ActiveCfg = Debug|Win32
		{9F7646A9-0EEA-4165-ABC5-75A020BAB2A7}.DLL Debug|ARM.ActiveCfg = Debug|Win32
		{9F7646A9-0EEA-4165-ABC5-75A020BAB2A7}.DLL Debug|Win32.ActiveCfg = Debug|Win32
		{9F7646A9-0EEA-4165-ABC5-75A020BAB2A7}.DLL Debug|Win32.Build.0 = Debug|Win32
		{9F7646A9-0EEA-4165-ABC5-75A020BAB2A7}.DLL Debug|x64.ActiveCfg = Debug|Win32
		{9F7646A9-0EEA-4165-ABC5-75A020BAB2A7}.DLL Release|ARM.ActiveCfg = Release|Win32
		{9F7646A9-0EEA-4165-ABC5-75A020BAB2A7}.DLL Release|Win32.ActiveCfg = Release|Win32
		{9F7646A9-0EEA-4165-ABC5-75A020BAB2A7}.DLL Release|Win32.Build.0 = Release|Win32
		{9F7646A9-0EEA-4165-ABC5-75A020BAB2A7}.DLL Release|x64.ActiveCfg = Release|Win32
		{9F7646A9-0EEA-4165-ABC5-75A020BAB2A7}.Release|ARM.ActiveCfg = Release|Win32
		{9F7646A9-0EEA-4165-ABC5-75A020BAB2A7}.Release|Win32.ActiveCfg = Release|Win32
		{9F7646A9-0EEA-4165-ABC5-75A020BAB2A7}.Release|Win32.Build.0 = Release|Win32
		{9F7646A9-0EEA-4165-ABC5-75A020BAB2A7}.Release|x64.ActiveCfg = Release|Win32
		{D09BB535-E37C-4130-B055-7D65AF89A5BC}.Debug|ARM.ActiveCfg = Debug|Win32
		{D09BB535-E37C-4130-B055-7D65AF89A5BC}.Debug|Win32.ActiveCfg = Debug|Win32
		{D09BB535-E37C-4130-B055-7D65AF89A5BC}.Debug|Win32.Build.0 = Debug|Win32
		{D09BB535-E37C-4130-B055-7D65AF89A5BC}.Debug|x64.ActiveCfg = Debug|Win32
		{D09BB535-E37C-4130-B055-7D65AF89A5BC}.DLL Debug|ARM.ActiveCfg = Debug|Win32
		{D09BB535-E37C-4130-B055-7D65AF89A5BC}.DLL Debug|Win32.ActiveCfg = Debug|Win32
		{D09BB535-E37C-4130-B055-7D65AF89A5BC}.DLL Debug|Win32.Build.0 = Debug|Win32
		{D09BB535-E37C-4130-B055-7D65AF89A5BC}.DLL Debug|x64.ActiveCfg = Debug|Win32
		{D09BB535-E37C-4130-B055-7D65AF89A5BC}.DLL Release|ARM.ActiveCfg = Release|Win32
		{D09BB535-E37C-4130-B055-7D65AF89A5BC}.DLL Release|Win32.ActiveCfg = Release|Win32
		{D09BB535-E37C-4130-B055-7D65AF89A5BC}.DLL Release|Win32.Build.0 = Release|Win32
		{D09BB535-E37C-4130-B055-7D65AF89A5BC}.DLL Release|x64.ActiveCfg = Release|Win32
		{D09BB535-E37C-4130-B055-7D65AF89A5BC}.Release|ARM.ActiveCfg = Release|Win32
		{D09BB535-E37C-4130-B055-7D65AF89A5BC}.Release|Win32.ActiveCfg = Release|Win32
		{D09BB535-E37C-4130-B055-7D65AF89A5BC}.Release|Win32.Build.0 = Release|Win32
		{D09BB535-E37C-4130-B055-7D65AF89A5BC}.Release|x64.ActiveCfg = Release|Win32
	EndGlobalSection
	GlobalSection(SolutionProperties) = preSolution
		HideSolutionNode = FALSE
	EndGlobalSection
EndGlobal
